
Microsoft Visual Studio Solution File, Format Version 12.00
# Visual Studio Version 17
VisualStudioVersion = 17.4.33213.308
MinimumVisualStudioVersion = 10.0.40219.1
Project("{F184B08F-C81C-45F6-A57F-5ABD9991F28F}") = "Sports Equipment Reservation System", "Sports Equipment Reservation System\Sports Equipment Reservation System.vbproj", "{96182A70-DE3B-4CF6-AA79-A25819CAB8FC}"
EndProject
Global
	GlobalSection(SolutionConfigurationPlatforms) = preSolution
		Debug|Any CPU = Debug|Any CPU
		Release|Any CPU = Release|Any CPU
	EndGlobalSection
	GlobalSection(ProjectConfigurationPlatforms) = postSolution
		{96182A70-DE3B-4CF6-AA79-A25819CAB8FC}.Debug|Any CPU.ActiveCfg = Debug|Any CPU
		{96182A70-DE3B-4CF6-AA79-A25819CAB8FC}.Debug|Any CPU.Build.0 = Debug|Any CPU
		{96182A70-DE3B-4CF6-AA79-A25819CAB8FC}.Release|Any CPU.ActiveCfg = Release|Any CPU
		{96182A70-DE3B-4CF6-AA79-A25819CAB8FC}.Release|Any CPU.Build.0 = Release|Any CPU
	EndGlobalSection
	GlobalSection(SolutionProperties) = preSolution
		HideSolutionNode = FALSE
	EndGlobalSection
	GlobalSection(ExtensibilityGlobals) = postSolution
		SolutionGuid = {53BDBDAB-3ECB-46E6-93B2-FEE04740BD07}
	EndGlobalSection
EndGlobal
